
Microsoft Visual Studio Solution File, Format Version 12.00
# Visual Studio 2012
Project("{FAE04EC0-301F-11D3-BF4B-00C04F79EFBC}") = "CSV", "CSV\CSV.csproj", "{BCA629BE-FF7F-4436-8289-0A29104CB4CA}"
EndProject
Project("{FAE04EC0-301F-11D3-BF4B-00C04F79EFBC}") = "LogHelper", "LogHelper\LogHelper.csproj", "{2BA74EEF-1A7F-4B47-A4F8-3703E1585D36}"
EndProject
Project("{FAE04EC0-301F-11D3-BF4B-00C04F79EFBC}") = "StorageApiTest", "StorageApiTest\StorageApiTest.csproj", "{800C28EA-C176-4439-AC16-53B7577CF35E}"
EndProject
Project("{FAE04EC0-301F-11D3-BF4B-00C04F79EFBC}") = "StorageAPI", "StorageAPI\StorageAPI.csproj", "{A7985E06-27D5-444B-BFAD-15AF93B46FC2}"
EndProject
Project("{FAE04EC0-301F-11D3-BF4B-00C04F79EFBC}") = "console", "console\console.csproj", "{9BC87379-FC60-42C2-86B4-B7F6B8FDEF3A}"
EndProject
Project("{FAE04EC0-301F-11D3-BF4B-00C04F79EFBC}") = "consoleTest", "consoleTest\consoleTest.csproj", "{C80A27B2-4B22-4354-9857-9B9F5BB223E8}"
EndProject
Project("{2150E333-8FDC-42A3-9474-1A3956D46DE8}") = ".nuget", ".nuget", "{39EE6E7B-4585-4508-8D84-B365C55B0152}"
	ProjectSection(SolutionItems) = preProject
		.nuget\packages.config = .nuget\packages.config
	EndProjectSection
EndProject
Project("{2150E333-8FDC-42A3-9474-1A3956D46DE8}") = ".build", ".build", "{4ADD0BEF-B223-4B45-9156-2ADE31F459F5}"
	ProjectSection(SolutionItems) = preProject
		Build.proj = Build.proj
		.build\MSBuild.Community.Tasks.dll = .build\MSBuild.Community.Tasks.dll
		.build\MSBuild.Community.Tasks.targets = .build\MSBuild.Community.Tasks.targets
	EndProjectSection
EndProject
Global
	GlobalSection(SolutionConfigurationPlatforms) = preSolution
		CD_ROM|Any CPU = CD_ROM|Any CPU
		CD_ROM|x86 = CD_ROM|x86
		Debug|Any CPU = Debug|Any CPU
		Debug|x86 = Debug|x86
		Devel|Any CPU = Devel|Any CPU
		Devel|x86 = Devel|x86
		DVD-5|Any CPU = DVD-5|Any CPU
		DVD-5|x86 = DVD-5|x86
		Release|Any CPU = Release|Any CPU
		Release|x86 = Release|x86
		SingleImage|Any CPU = SingleImage|Any CPU
		SingleImage|x86 = SingleImage|x86
	EndGlobalSection
	GlobalSection(ProjectConfigurationPlatforms) = postSolution
		{BCA629BE-FF7F-4436-8289-0A29104CB4CA}.CD_ROM|Any CPU.ActiveCfg = Release|Any CPU
		{BCA629BE-FF7F-4436-8289-0A29104CB4CA}.CD_ROM|Any CPU.Build.0 = Release|Any CPU
		{BCA629BE-FF7F-4436-8289-0A29104CB4CA}.CD_ROM|x86.ActiveCfg = Release|x86
		{BCA629BE-FF7F-4436-8289-0A29104CB4CA}.CD_ROM|x86.Build.0 = Release|x86
		{BCA629BE-FF7F-4436-8289-0A29104CB4CA}.Debug|Any CPU.ActiveCfg = Debug|Any CPU
		{BCA629BE-FF7F-4436-8289-0A29104CB4CA}.Debug|Any CPU.Build.0 = Debug|Any CPU
		{BCA629BE-FF7F-4436-8289-0A29104CB4CA}.Debug|x86.ActiveCfg = Debug|x86
		{BCA629BE-FF7F-4436-8289-0A29104CB4CA}.Debug|x86.Build.0 = Debug|x86
		{BCA629BE-FF7F-4436-8289-0A29104CB4CA}.Devel|Any CPU.ActiveCfg = Devel|Any CPU
		{BCA629BE-FF7F-4436-8289-0A29104CB4CA}.Devel|Any CPU.Build.0 = Devel|Any CPU
		{BCA629BE-FF7F-4436-8289-0A29104CB4CA}.Devel|x86.ActiveCfg = Devel|x86
		{BCA629BE-FF7F-4436-8289-0A29104CB4CA}.Devel|x86.Build.0 = Devel|x86
		{BCA629BE-FF7F-4436-8289-0A29104CB4CA}.DVD-5|Any CPU.ActiveCfg = Devel|Any CPU
		{BCA629BE-FF7F-4436-8289-0A29104CB4CA}.DVD-5|Any CPU.Build.0 = Devel|Any CPU
		{BCA629BE-FF7F-4436-8289-0A29104CB4CA}.DVD-5|x86.ActiveCfg = Devel|x86
		{BCA629BE-FF7F-4436-8289-0A29104CB4CA}.DVD-5|x86.Build.0 = Devel|x86
		{BCA629BE-FF7F-4436-8289-0A29104CB4CA}.Release|Any CPU.ActiveCfg = Release|Any CPU
		{BCA629BE-FF7F-4436-8289-0A29104CB4CA}.Release|Any CPU.Build.0 = Release|Any CPU
		{BCA629BE-FF7F-4436-8289-0A29104CB4CA}.Release|x86.ActiveCfg = Release|x86
		{BCA629BE-FF7F-4436-8289-0A29104CB4CA}.Release|x86.Build.0 = Release|x86
		{BCA629BE-FF7F-4436-8289-0A29104CB4CA}.SingleImage|Any CPU.ActiveCfg = Release|Any CPU
		{BCA629BE-FF7F-4436-8289-0A29104CB4CA}.SingleImage|Any CPU.Build.0 = Release|Any CPU
		{BCA629BE-FF7F-4436-8289-0A29104CB4CA}.SingleImage|x86.ActiveCfg = Release|x86
		{BCA629BE-FF7F-4436-8289-0A29104CB4CA}.SingleImage|x86.Build.0 = Release|x86
		{2BA74EEF-1A7F-4B47-A4F8-3703E1585D36}.CD_ROM|Any CPU.ActiveCfg = Release|Any CPU
		{2BA74EEF-1A7F-4B47-A4F8-3703E1585D36}.CD_ROM|Any CPU.Build.0 = Release|Any CPU
		{2BA74EEF-1A7F-4B47-A4F8-3703E1585D36}.CD_ROM|x86.ActiveCfg = Release|x86
		{2BA74EEF-1A7F-4B47-A4F8-3703E1585D36}.CD_ROM|x86.Build.0 = Release|x86
		{2BA74EEF-1A7F-4B47-A4F8-3703E1585D36}.Debug|Any CPU.ActiveCfg = Debug|Any CPU
		{2BA74EEF-1A7F-4B47-A4F8-3703E1585D36}.Debug|Any CPU.Build.0 = Debug|Any CPU
		{2BA74EEF-1A7F-4B47-A4F8-3703E1585D36}.Debug|x86.ActiveCfg = Debug|x86
		{2BA74EEF-1A7F-4B47-A4F8-3703E1585D36}.Debug|x86.Build.0 = Debug|x86
		{2BA74EEF-1A7F-4B47-A4F8-3703E1585D36}.Devel|Any CPU.ActiveCfg = Devel|Any CPU
		{2BA74EEF-1A7F-4B47-A4F8-3703E1585D36}.Devel|Any CPU.Build.0 = Devel|Any CPU
		{2BA74EEF-1A7F-4B47-A4F8-3703E1585D36}.Devel|x86.ActiveCfg = Devel|x86
		{2BA74EEF-1A7F-4B47-A4F8-3703E1585D36}.Devel|x86.Build.0 = Devel|x86
		{2BA74EEF-1A7F-4B47-A4F8-3703E1585D36}.DVD-5|Any CPU.ActiveCfg = Devel|Any CPU
		{2BA74EEF-1A7F-4B47-A4F8-3703E1585D36}.DVD-5|Any CPU.Build.0 = Devel|Any CPU
		{2BA74EEF-1A7F-4B47-A4F8-3703E1585D36}.DVD-5|x86.ActiveCfg = Devel|x86
		{2BA74EEF-1A7F-4B47-A4F8-3703E1585D36}.DVD-5|x86.Build.0 = Devel|x86
		{2BA74EEF-1A7F-4B47-A4F8-3703E1585D36}.Release|Any CPU.ActiveCfg = Release|Any CPU
		{2BA74EEF-1A7F-4B47-A4F8-3703E1585D36}.Release|Any CPU.Build.0 = Release|Any CPU
		{2BA74EEF-1A7F-4B47-A4F8-3703E1585D36}.Release|x86.ActiveCfg = Release|x86
		{2BA74EEF-1A7F-4B47-A4F8-3703E1585D36}.Release|x86.Build.0 = Release|x86
		{2BA74EEF-1A7F-4B47-A4F8-3703E1585D36}.SingleImage|Any CPU.ActiveCfg = Release|Any CPU
		{2BA74EEF-1A7F-4B47-A4F8-3703E1585D36}.SingleImage|Any CPU.Build.0 = Release|Any CPU
		{2BA74EEF-1A7F-4B47-A4F8-3703E1585D36}.SingleImage|x86.ActiveCfg = Release|x86
		{2BA74EEF-1A7F-4B47-A4F8-3703E1585D36}.SingleImage|x86.Build.0 = Release|x86
		{800C28EA-C176-4439-AC16-53B7577CF35E}.CD_ROM|Any CPU.ActiveCfg = Release|Any CPU
		{800C28EA-C176-4439-AC16-53B7577CF35E}.CD_ROM|Any CPU.Build.0 = Release|Any CPU
		{800C28EA-C176-4439-AC16-53B7577CF35E}.CD_ROM|x86.ActiveCfg = Release|x86
		{800C28EA-C176-4439-AC16-53B7577CF35E}.CD_ROM|x86.Build.0 = Release|x86
		{800C28EA-C176-4439-AC16-53B7577CF35E}.Debug|Any CPU.ActiveCfg = Debug|Any CPU
		{800C28EA-C176-4439-AC16-53B7577CF35E}.Debug|Any CPU.Build.0 = Debug|Any CPU
		{800C28EA-C176-4439-AC16-53B7577CF35E}.Debug|x86.ActiveCfg = Debug|x86
		{800C28EA-C176-4439-AC16-53B7577CF35E}.Debug|x86.Build.0 = Debug|x86
		{800C28EA-C176-4439-AC16-53B7577CF35E}.Devel|Any CPU.ActiveCfg = Devel|Any CPU
		{800C28EA-C176-4439-AC16-53B7577CF35E}.Devel|Any CPU.Build.0 = Devel|Any CPU
		{800C28EA-C176-4439-AC16-53B7577CF35E}.Devel|x86.ActiveCfg = Devel|x86
		{800C28EA-C176-4439-AC16-53B7577CF35E}.Devel|x86.Build.0 = Devel|x86
		{800C28EA-C176-4439-AC16-53B7577CF35E}.DVD-5|Any CPU.ActiveCfg = Devel|Any CPU
		{800C28EA-C176-4439-AC16-53B7577CF35E}.DVD-5|Any CPU.Build.0 = Devel|Any CPU
		{800C28EA-C176-4439-AC16-53B7577CF35E}.DVD-5|x86.ActiveCfg = Devel|x86
		{800C28EA-C176-4439-AC16-53B7577CF35E}.DVD-5|x86.Build.0 = Devel|x86
		{800C28EA-C176-4439-AC16-53B7577CF35E}.Release|Any CPU.ActiveCfg = Release|Any CPU
		{800C28EA-C176-4439-AC16-53B7577CF35E}.Release|Any CPU.Build.0 = Release|Any CPU
		{800C28EA-C176-4439-AC16-53B7577CF35E}.Release|x86.ActiveCfg = Release|x86
		{800C28EA-C176-4439-AC16-53B7577CF35E}.Release|x86.Build.0 = Release|x86
		{800C28EA-C176-4439-AC16-53B7577CF35E}.SingleImage|Any CPU.ActiveCfg = Release|Any CPU
		{800C28EA-C176-4439-AC16-53B7577CF35E}.SingleImage|Any CPU.Build.0 = Release|Any CPU
		{800C28EA-C176-4439-AC16-53B7577CF35E}.SingleImage|x86.ActiveCfg = Release|x86
		{800C28EA-C176-4439-AC16-53B7577CF35E}.SingleImage|x86.Build.0 = Release|x86
		{A7985E06-27D5-444B-BFAD-15AF93B46FC2}.CD_ROM|Any CPU.ActiveCfg = Release|Any CPU
		{A7985E06-27D5-444B-BFAD-15AF93B46FC2}.CD_ROM|Any CPU.Build.0 = Release|Any CPU
		{A7985E06-27D5-444B-BFAD-15AF93B46FC2}.CD_ROM|x86.ActiveCfg = Release|x86
		{A7985E06-27D5-444B-BFAD-15AF93B46FC2}.CD_ROM|x86.Build.0 = Release|x86
		{A7985E06-27D5-444B-BFAD-15AF93B46FC2}.Debug|Any CPU.ActiveCfg = Debug|Any CPU
		{A7985E06-27D5-444B-BFAD-15AF93B46FC2}.Debug|Any CPU.Build.0 = Debug|Any CPU
		{A7985E06-27D5-444B-BFAD-15AF93B46FC2}.Debug|x86.ActiveCfg = Debug|x86
		{A7985E06-27D5-444B-BFAD-15AF93B46FC2}.Debug|x86.Build.0 = Debug|x86
		{A7985E06-27D5-444B-BFAD-15AF93B46FC2}.Devel|Any CPU.ActiveCfg = Devel|Any CPU
		{A7985E06-27D5-444B-BFAD-15AF93B46FC2}.Devel|Any CPU.Build.0 = Devel|Any CPU
		{A7985E06-27D5-444B-BFAD-15AF93B46FC2}.Devel|x86.ActiveCfg = Devel|x86
		{A7985E06-27D5-444B-BFAD-15AF93B46FC2}.Devel|x86.Build.0 = Devel|x86
		{A7985E06-27D5-444B-BFAD-15AF93B46FC2}.DVD-5|Any CPU.ActiveCfg = Devel|Any CPU
		{A7985E06-27D5-444B-BFAD-15AF93B46FC2}.DVD-5|Any CPU.Build.0 = Devel|Any CPU
		{A7985E06-27D5-444B-BFAD-15AF93B46FC2}.DVD-5|x86.ActiveCfg = Devel|x86
		{A7985E06-27D5-444B-BFAD-15AF93B46FC2}.DVD-5|x86.Build.0 = Devel|x86
		{A7985E06-27D5-444B-BFAD-15AF93B46FC2}.Release|Any CPU.ActiveCfg = Release|Any CPU
		{A7985E06-27D5-444B-BFAD-15AF93B46FC2}.Release|Any CPU.Build.0 = Release|Any CPU
		{A7985E06-27D5-444B-BFAD-15AF93B46FC2}.Release|x86.ActiveCfg = Release|x86
		{A7985E06-27D5-444B-BFAD-15AF93B46FC2}.Release|x86.Build.0 = Release|x86
		{A7985E06-27D5-444B-BFAD-15AF93B46FC2}.SingleImage|Any CPU.ActiveCfg = Release|Any CPU
		{A7985E06-27D5-444B-BFAD-15AF93B46FC2}.SingleImage|Any CPU.Build.0 = Release|Any CPU
		{A7985E06-27D5-444B-BFAD-15AF93B46FC2}.SingleImage|x86.ActiveCfg = Release|x86
		{A7985E06-27D5-444B-BFAD-15AF93B46FC2}.SingleImage|x86.Build.0 = Release|x86
		{9BC87379-FC60-42C2-86B4-B7F6B8FDEF3A}.CD_ROM|Any CPU.ActiveCfg = Release|Any CPU
		{9BC87379-FC60-42C2-86B4-B7F6B8FDEF3A}.CD_ROM|Any CPU.Build.0 = Release|Any CPU
		{9BC87379-FC60-42C2-86B4-B7F6B8FDEF3A}.CD_ROM|x86.ActiveCfg = Release|Any CPU
		{9BC87379-FC60-42C2-86B4-B7F6B8FDEF3A}.Debug|Any CPU.ActiveCfg = Debug|Any CPU
		{9BC87379-FC60-42C2-86B4-B7F6B8FDEF3A}.Debug|Any CPU.Build.0 = Debug|Any CPU
		{9BC87379-FC60-42C2-86B4-B7F6B8FDEF3A}.Debug|x86.ActiveCfg = Debug|Any CPU
		{9BC87379-FC60-42C2-86B4-B7F6B8FDEF3A}.Devel|Any CPU.ActiveCfg = Debug|Any CPU
		{9BC87379-FC60-42C2-86B4-B7F6B8FDEF3A}.Devel|Any CPU.Build.0 = Debug|Any CPU
		{9BC87379-FC60-42C2-86B4-B7F6B8FDEF3A}.Devel|x86.ActiveCfg = Debug|Any CPU
		{9BC87379-FC60-42C2-86B4-B7F6B8FDEF3A}.DVD-5|Any CPU.ActiveCfg = Debug|Any CPU
		{9BC87379-FC60-42C2-86B4-B7F6B8FDEF3A}.DVD-5|Any CPU.Build.0 = Debug|Any CPU
		{9BC87379-FC60-42C2-86B4-B7F6B8FDEF3A}.DVD-5|x86.ActiveCfg = Debug|Any CPU
		{9BC87379-FC60-42C2-86B4-B7F6B8FDEF3A}.Release|Any CPU.ActiveCfg = Release|Any CPU
		{9BC87379-FC60-42C2-86B4-B7F6B8FDEF3A}.Release|Any CPU.Build.0 = Release|Any CPU
		{9BC87379-FC60-42C2-86B4-B7F6B8FDEF3A}.Release|x86.ActiveCfg = Release|Any CPU
		{9BC87379-FC60-42C2-86B4-B7F6B8FDEF3A}.SingleImage|Any CPU.ActiveCfg = Release|Any CPU
		{9BC87379-FC60-42C2-86B4-B7F6B8FDEF3A}.SingleImage|Any CPU.Build.0 = Release|Any CPU
		{9BC87379-FC60-42C2-86B4-B7F6B8FDEF3A}.SingleImage|x86.ActiveCfg = Release|Any CPU
		{C80A27B2-4B22-4354-9857-9B9F5BB223E8}.CD_ROM|Any CPU.ActiveCfg = Release|Any CPU
		{C80A27B2-4B22-4354-9857-9B9F5BB223E8}.CD_ROM|Any CPU.Build.0 = Release|Any CPU
		{C80A27B2-4B22-4354-9857-9B9F5BB223E8}.CD_ROM|x86.ActiveCfg = Release|Any CPU
		{C80A27B2-4B22-4354-9857-9B9F5BB223E8}.Debug|Any CPU.ActiveCfg = Debug|Any CPU
		{C80A27B2-4B22-4354-9857-9B9F5BB223E8}.Debug|Any CPU.Build.0 = Debug|Any CPU
		{C80A27B2-4B22-4354-9857-9B9F5BB223E8}.Debug|x86.ActiveCfg = Debug|Any CPU
		{C80A27B2-4B22-4354-9857-9B9F5BB223E8}.Devel|Any CPU.ActiveCfg = Debug|Any CPU
		{C80A27B2-4B22-4354-9857-9B9F5BB223E8}.Devel|Any CPU.Build.0 = Debug|Any CPU
		{C80A27B2-4B22-4354-9857-9B9F5BB223E8}.Devel|x86.ActiveCfg = Debug|Any CPU
		{C80A27B2-4B22-4354-9857-9B9F5BB223E8}.DVD-5|Any CPU.ActiveCfg = Debug|Any CPU
		{C80A27B2-4B22-4354-9857-9B9F5BB223E8}.DVD-5|Any CPU.Build.0 = Debug|Any CPU
		{C80A27B2-4B22-4354-9857-9B9F5BB223E8}.DVD-5|x86.ActiveCfg = Debug|Any CPU
		{C80A27B2-4B22-4354-9857-9B9F5BB223E8}.Release|Any CPU.ActiveCfg = Release|Any CPU
		{C80A27B2-4B22-4354-9857-9B9F5BB223E8}.Release|Any CPU.Build.0 = Release|Any CPU
		{C80A27B2-4B22-4354-9857-9B9F5BB223E8}.Release|x86.ActiveCfg = Release|Any CPU
		{C80A27B2-4B22-4354-9857-9B9F5BB223E8}.SingleImage|Any CPU.ActiveCfg = Release|Any CPU
		{C80A27B2-4B22-4354-9857-9B9F5BB223E8}.SingleImage|Any CPU.Build.0 = Release|Any CPU
		{C80A27B2-4B22-4354-9857-9B9F5BB223E8}.SingleImage|x86.ActiveCfg = Release|Any CPU
	EndGlobalSection
	GlobalSection(SolutionProperties) = preSolution
		HideSolutionNode = FALSE
	EndGlobalSection
EndGlobal
